
Microsoft Visual Studio Solution File, Format Version 12.00
# Visual Studio Version 17
VisualStudioVersion = 17.4.33122.133
MinimumVisualStudioVersion = 10.0.40219.1
Project("{9A19103F-16F7-4668-BE54-9A1E7A4F7556}") = "_2D_game", "Kinda IT-Specialist game\_2D_game.csproj", "{AFF69609-C77E-43EA-A2D5-4853F030F874}"
EndProject
Project("{9A19103F-16F7-4668-BE54-9A1E7A4F7556}") = "_2D_Game.Tests", "Kinda IT-Specialist game.Tests\_2D_Game.Tests.csproj", "{D9D5A774-2735-4293-998C-EEDBBABD3BFC}"
EndProject
Global
	GlobalSection(SolutionConfigurationPlatforms) = preSolution
		Debug|Any CPU = Debug|Any CPU
		Release|Any CPU = Release|Any CPU
	EndGlobalSection
	GlobalSection(ProjectConfigurationPlatforms) = postSolution
		{AFF69609-C77E-43EA-A2D5-4853F030F874}.Debug|Any CPU.ActiveCfg = Debug|Any CPU
		{AFF69609-C77E-43EA-A2D5-4853F030F874}.Debug|Any CPU.Build.0 = Debug|Any CPU
		{AFF69609-C77E-43EA-A2D5-4853F030F874}.Release|Any CPU.ActiveCfg = Release|Any CPU
		{AFF69609-C77E-43EA-A2D5-4853F030F874}.Release|Any CPU.Build.0 = Release|Any CPU
		{D9D5A774-2735-4293-998C-EEDBBABD3BFC}.Debug|Any CPU.ActiveCfg = Debug|Any CPU
		{D9D5A774-2735-4293-998C-EEDBBABD3BFC}.Debug|Any CPU.Build.0 = Debug|Any CPU
		{D9D5A774-2735-4293-998C-EEDBBABD3BFC}.Release|Any CPU.ActiveCfg = Release|Any CPU
		{D9D5A774-2735-4293-998C-EEDBBABD3BFC}.Release|Any CPU.Build.0 = Release|Any CPU
	EndGlobalSection
	GlobalSection(SolutionProperties) = preSolution
		HideSolutionNode = FALSE
	EndGlobalSection
	GlobalSection(ExtensibilityGlobals) = postSolution
		SolutionGuid = {752FB31C-B1A7-4376-BC52-4F9113FAC2C3}
	EndGlobalSection
EndGlobal
